{
  "name": "testinbox-synthetic",
  "version": "0.0.0",
  "lockfileVersion": 3,
  "requires": true,
  "packages": {
    "": {
      "name": "testinbox-synthetic",
      "version": "0.0.0",
      "dependencies": {
        "@testinbox/client": "file:../../sdk/typescript"
      },
      "engines": {
        "node": ">=20"
      }
    },
    "../../sdk/typescript": {
      "name": "@testinbox/client",
      "version": "0.1.0",
      "devDependencies": {
        "@types/node": "^22.10.0",
        "tsup": "^8.3.0",
        "typescript": "^5.7.0",
        "vitest": "^3.0.0"
      },
      "engines": {
        "node": ">=20"
      }
    },
    "node_modules/@testinbox/client": {
      "resolved": "../../sdk/typescript",
      "link": true
    }
  }
}
